{
  "name": "test",
  "version": "1.0.0",
  "lockfileVersion": 3,
  "requires": true,
  "packages": {
    "": {
      "name": "test",
      "version": "1.0.0",
      "license": "ISC",
      "dependencies": {
        "class_1_int222": "^1.0.0",
        "lpu": "^1.0.0"
      }
    },
    "node_modules/class_1_int222": {
      "version": "1.0.0",
      "resolved": "https://registry.npmjs.org/class_1_int222/-/class_1_int222-1.0.0.tgz",
      "integrity": "sha512-JdE2DPEaRgVqez7Nv5K1ZFxNwqRKNBA7xUJVnHrt9jH882GinDDL6qvt1gMD2dgDFg9IgXJqHGY7n94h4CoH0g==",
      "dependencies": {
        "lodash": "^4.17.21"
      }
    },
    "node_modules/lodash": {
      "version": "4.17.21",
      "resolved": "https://registry.npmjs.org/lodash/-/lodash-4.17.21.tgz",
      "integrity": "sha512-v2kDEe57lecTulaDIuNTPy3Ry4gLGJ6Z1O3vE1krgXZNrsQ+LFTGHVxVjcXPs17LhbZVGedAJv8XZ1tvj5FvSg=="
    },
    "node_modules/lpu": {
      "version": "1.0.0",
      "resolved": "https://registry.npmjs.org/lpu/-/lpu-1.0.0.tgz",
      "integrity": "sha512-aoRcous98bfs2ohkQajz5qguT1PWz+3/4ThkHpyNvNEtCZSiBEauM9Vc7OiuTGouQcs+XDzUOu43EWEZ9gmI+w==",
      "dependencies": {
        "lodash": "^4.17.21"
      }
    }
  }
}
